# This file is automatically @generated by Cargo.
# It is not intended for manual editing.
version = 4

[[package]]
name = "portable-atomic"
version = "1.14.0"
source = "registry+https://github.com/rust-lang/crates.io-index"
checksum = "3d20d5497ef88037a52ff98267d066e7f11fcc5e99bbfbd58a42336193aacec3"

[[package]]
name = "rjava"
version = "0.0.0"
dependencies = [
 "rjava-aot",
 "rjava-classfile",
 "rjava-core",
 "rjava-gc",
 "rjava-interp",
 "rjava-ir",
 "rjava-jit",
 "rjava-loader",
 "rjava-native",
 "rjava-std",
 "rjava-verify",
]

[[package]]
name = "rjava-aot"
version = "0.0.0"
dependencies = [
 "rjava-core",
 "rjava-ir",
 "rjava-jit",
]

[[package]]
name = "rjava-classfile"
version = "0.0.0"
dependencies = [
 "rjava-core",
]

[[package]]
name = "rjava-core"
version = "0.0.0"
dependencies = [
 "portable-atomic",
 "smallvec",
]

[[package]]
name = "rjava-gc"
version = "0.0.0"
dependencies = [
 "rjava-core",
]

[[package]]
name = "rjava-interp"
version = "0.0.0"
dependencies = [
 "rjava-core",
 "rjava-gc",
 "rjava-ir",
 "rjava-loader",
]

[[package]]
name = "rjava-ir"
version = "0.0.0"
dependencies = [
 "rjava-classfile",
 "rjava-core",
 "rjava-verify",
]

[[package]]
name = "rjava-jit"
version = "0.0.0"
dependencies = [
 "rjava-core",
 "rjava-interp",
 "rjava-ir",
]

[[package]]
name = "rjava-loader"
version = "0.0.0"
dependencies = [
 "rjava-core",
 "rjava-ir",
]

[[package]]
name = "rjava-native"
version = "0.0.0"
dependencies = [
 "rjava-core",
 "rjava-interp",
]

[[package]]
name = "rjava-std"
version = "0.0.0"
dependencies = [
 "rjava-core",
 "rjava-interp",
]

[[package]]
name = "rjava-verify"
version = "0.0.0"
dependencies = [
 "rjava-classfile",
 "rjava-core",
]

[[package]]
name = "smallvec"
version = "1.15.2"
source = "registry+https://github.com/rust-lang/crates.io-index"
checksum = "8ed6a63f02c8539c91a8685a86f4099661ba3da017932f6ebbea6de3f0fa7c90"

[[package]]
name = "xtask"
version = "0.0.0"
